{
  "name": "100-days-100-web-projects",
  "version": "1.0.0",
  "lockfileVersion": 3,
  "requires": true,
  "packages": {
    "": {
      "name": "100-days-100-web-projects",
      "version": "1.0.0",
      "license": "MIT",
      "dependencies": {
        "ejs": "^5.0.2"
      }
    },
    "node_modules/ejs": {
      "version": "5.0.2",
      "resolved": "https://registry.npmjs.org/ejs/-/ejs-5.0.2.tgz",
      "integrity": "sha512-IpbUaI/CAW86l3f+T8zN0iggSc0LmMZLcIW5eRVStLVNCoTXkE0YlncbbH50fp8Cl6zHIky0sW2uUbhBqGw0Jw==",
      "license": "Apache-2.0",
      "bin": {
        "ejs": "bin/cli.js"
      },
      "engines": {
        "node": ">=0.12.18"
      }
    }
  }
}
